
Microsoft Visual Studio Solution File, Format Version 12.00
# Visual Studio 15
VisualStudioVersion = 15.0.28307.1000
MinimumVisualStudioVersion = 10.0.40219.1
Project("{FAE04EC0-301F-11D3-BF4B-00C04F79EFBC}") = "prjShoppingForum", "prjShoppingForum\prjShoppingForum.csproj", "{F3C2EEF9-0D84-45C7-80DC-03FA2772CFF7}"
EndProject
Global
	GlobalSection(SolutionConfigurationPlatforms) = preSolution
		Debug|Any CPU = Debug|Any CPU
		Release|Any CPU = Release|Any CPU
	EndGlobalSection
	GlobalSection(ProjectConfigurationPlatforms) = postSolution
		{F3C2EEF9-0D84-45C7-80DC-03FA2772CFF7}.Debug|Any CPU.ActiveCfg = Debug|Any CPU
		{F3C2EEF9-0D84-45C7-80DC-03FA2772CFF7}.Debug|Any CPU.Build.0 = Debug|Any CPU
		{F3C2EEF9-0D84-45C7-80DC-03FA2772CFF7}.Release|Any CPU.ActiveCfg = Release|Any CPU
		{F3C2EEF9-0D84-45C7-80DC-03FA2772CFF7}.Release|Any CPU.Build.0 = Release|Any CPU
	EndGlobalSection
	GlobalSection(SolutionProperties) = preSolution
		HideSolutionNode = FALSE
	EndGlobalSection
	GlobalSection(ExtensibilityGlobals) = postSolution
		SolutionGuid = {7533D37C-67C3-43F7-B6E6-9164DBA7481B}
	EndGlobalSection
EndGlobal
